starlette==0.49.2 \
    --hash=sha256:0d40c638fe75eaf16e3160103f6962918e0e17cf16cc09351e4c54b899a46291
uvicorn==0.34.0 \
    --hash=sha256:023dc038422502fa28a09c7a30bf2b6991512da7dcdb8fd35fe57cfc154126f4
h11==0.16.0 \
    --hash=sha256:63cf8bbe7522de3bf65932fda1d9c2772064ffb3dae62d55932da54b31cb6c86
httpcore==1.0.9 \
    --hash=sha256:2d400746a40668fc9dec9810239072b40b4484b640a8c38fd654a024c7a1bf55
httpx==0.28.1 \
    --hash=sha256:d909fcccc110f8c7faf814ca82a9a4d816bc5a6dbfea25d6591d6985b8ba59ad
certifi==2025.1.31 \
    --hash=sha256:ca78db4565a652026a4db2bcdf68f2fb589ea80d0be70e03929ed730746b84fe
anyio==4.8.0 \
    --hash=sha256:b5011f270ab5eb0abf13385f851315585cc37ef330dd88e27ec3d34d651fd47a
sniffio==1.3.1 \
    --hash=sha256:2f6da418d1f1e0fddd844478f41680e794e6051915791a034ff65e5f100525a2
idna==3.10 \
    --hash=sha256:946d195a0d259cbba61165e88e65941f16e9b36ea6ddb97f00452bae8b1287d3
typing_extensions==4.12.2 \
    --hash=sha256:04e5ca0351e0f3f85c6853954072df659d0d13fac324d0072316b67d7794700d
click==8.1.8 \
    --hash=sha256:63c132bbbed01578a06712a2d1f497bb62d9c1c0d329b7903a866228027263b2
pydantic==2.10.6 \
    --hash=sha256:427d664bf0b8a2b34ff5dd0f5a18df00591adcee7198fbd71981054cef37b584
pydantic_core==2.27.2 \
    --hash=sha256:6fb4aadc0b9a0c063206846d603b92030eb6f03069151a625667f982887153e2
annotated_types==0.7.0 \
    --hash=sha256:1f02e8b43a8fbbc3f3e0d4f0f4bfc8131bcb4eebe8849b8e5c773f3a1c582a53
jsonschema==4.23.0 \
    --hash=sha256:fbadb6f8b144a8f8cf9f0b89ba94501d143e50411a1278633f56a7acf7fd5566
jsonschema_specifications==2024.10.1 \
    --hash=sha256:a09a0680616357d9a0ecf05c12ad234479f549239d0f5b55f3deea67475da9bf
referencing==0.36.2 \
    --hash=sha256:e8699adbbf8b5c7de96d8ffa0eb5c158b3beafce084968e2ea8bb08c6794dcd0
rpds_py==0.23.1 \
    --hash=sha256:d550d7e9e7d8676b183b37d65b5cd8de13676a738973d330b59dc8312df9c5dc
attrs==25.1.0 \
    --hash=sha256:c75a69e28a550a7e93789579c22aa26b0f5b83b75dc4e08fe092980051e1090a
python_dotenv==1.0.1 \
    --hash=sha256:f7b63ef50f1b690dddf550d03497b66d609393b40b564ed0d674909a68ebf16a
python_multipart==0.0.20 \
    --hash=sha256:8a62d3a8335e06589fe01f2a3e178cdcc632f3fbe0d492ad9ee0ec35aab1f104
pytest==8.3.4 \
    --hash=sha256:50e16d954148559c9a74109af1eaf0c945ba2d8f30f0a3d3335edde19788b6f6
iniconfig==2.0.0 \
    --hash=sha256:b6a85871a79d2e3b22d2d1b94ac2824226a63c6b741c88f7ae975f18b6778374
pluggy==1.5.0 \
    --hash=sha256:44e1ad92c8ca002de6377e165f3e0f1be63266ab4d554740532335b9d75ea669
packaging==24.2 \
    --hash=sha256:09abb1bccd265c01f4a3aa3f7a7db064b36514d2cba19a2f694fe6150451a759
playwright==1.50.0 \
    --hash=sha256:8fc628c492d12b13d1f347137b2ac6c04f98197ff0985ef0403a9a9ee0d39131
pyee==12.1.1 \
    --hash=sha256:18a19c650556bb6b32b406d7f017c8f513aceed1ef7ca618fb65de7bd2d347ef
greenlet==3.1.1 \
    --hash=sha256:99cfaa2110534e2cf3ba31a7abcac9d328d1d9f1b95beede58294a60348fba36
